
Microsoft Visual Studio Solution File, Format Version 12.00
# Visual Studio Version 17
VisualStudioVersion = 17.0.31912.275
MinimumVisualStudioVersion = 10.0.40219.1
Project("{2150E333-8FDC-42A3-9474-1A3956D46DE8}") = "Solution Items", "Solution Items", "{B78FC661-F56F-4CAC-BD7E-81BD3D765C17}"
	ProjectSection(SolutionItems) = preProject
		Directory.Build.props = Directory.Build.props
		Directory.Build.targets = Directory.Build.targets
	EndProjectSection
EndProject
Project("{2150E333-8FDC-42A3-9474-1A3956D46DE8}") = "Linq", "Linq", "{80421F8C-5FD6-4C6F-8B0D-686738560FC4}"
EndProject
Project("{9A19103F-16F7-4668-BE54-9A1E7A4F7556}") = "Jimlicat.Extensions.Linq", "src\Linq\src\Jimlicat.Extensions.Linq\Jimlicat.Extensions.Linq.csproj", "{91020C31-837C-4B09-BD28-4B6804B03647}"
EndProject
Project("{9A19103F-16F7-4668-BE54-9A1E7A4F7556}") = "ConsoleApp", "src\Linq\samples\ConsoleApp\ConsoleApp.csproj", "{14351A0B-24C4-4B2C-8241-1B5F86253125}"
EndProject
Project("{2150E333-8FDC-42A3-9474-1A3956D46DE8}") = "samples", "samples", "{3D8597C5-DCE7-4CA5-84A9-714A70823C37}"
EndProject
Project("{2150E333-8FDC-42A3-9474-1A3956D46DE8}") = "EFCore", "EFCore", "{D7F2A794-8D89-4A32-AD50-89DE7BC30CA9}"
EndProject
Project("{9A19103F-16F7-4668-BE54-9A1E7A4F7556}") = "Jimlicat.Extensions.EFCore", "src\EFCore\src\Jimlicat.Extensions.EFCore\Jimlicat.Extensions.EFCore.csproj", "{EA43D968-553D-4105-BB19-74CB94679488}"
EndProject
Project("{2150E333-8FDC-42A3-9474-1A3956D46DE8}") = "BCL", "BCL", "{2550926B-ED2D-44C0-927F-59FDFD385CFD}"
EndProject
Project("{9A19103F-16F7-4668-BE54-9A1E7A4F7556}") = "Jimlicat.BCLExt", "src\BCL\Jimlicat.BCLExt\Jimlicat.BCLExt.csproj", "{624A12EE-D24E-4592-A3B9-5CA7D843DA1D}"
EndProject
Project("{2150E333-8FDC-42A3-9474-1A3956D46DE8}") = "OpenXml", "OpenXml", "{649BF7E9-4638-412C-8B8C-ECEE48C91A42}"
EndProject
Project("{2150E333-8FDC-42A3-9474-1A3956D46DE8}") = "samples", "samples", "{B85BB470-5170-4085-899C-F1B2314EC904}"
EndProject
Project("{9A19103F-16F7-4668-BE54-9A1E7A4F7556}") = "BCLConsoleApp", "src\BCL\samples\BCLConsoleApp\BCLConsoleApp.csproj", "{A14D3486-20CC-4E6D-8191-B79025813FF3}"
EndProject
Project("{2150E333-8FDC-42A3-9474-1A3956D46DE8}") = "samples", "samples", "{F5501B15-A14F-4A01-93ED-3ECE848BB481}"
EndProject
Project("{9A19103F-16F7-4668-BE54-9A1E7A4F7556}") = "Jimlicat.Extensions.EFCoreRelational", "src\EFCore\src\Jimlicat.Extensions.EFCoreRelational\Jimlicat.Extensions.EFCoreRelational.csproj", "{DE78B1DD-E2BE-471D-B030-0262FBC78617}"
EndProject
Project("{9A19103F-16F7-4668-BE54-9A1E7A4F7556}") = "EFCoreEntities", "src\EFCore\samples\EFCoreEntities\EFCoreEntities.csproj", "{6C673868-AFCE-44C8-8A8F-87EE29A6713D}"
EndProject
Project("{9A19103F-16F7-4668-BE54-9A1E7A4F7556}") = "EFCoreEntitiesConfigs", "src\EFCore\samples\EFCoreEntitiesConfigs\EFCoreEntitiesConfigs.csproj", "{0AF02120-F004-4BF3-9BBB-3FBAE62978EA}"
EndProject
Project("{2150E333-8FDC-42A3-9474-1A3956D46DE8}") = "HostBuilder", "HostBuilder", "{608F87D9-C91B-4BF7-967E-A8A73D690D52}"
EndProject
Project("{2150E333-8FDC-42A3-9474-1A3956D46DE8}") = "src", "src", "{5D645E8E-5FD5-4120-AE75-0A0D16971D3F}"
EndProject
Project("{2150E333-8FDC-42A3-9474-1A3956D46DE8}") = "samples", "samples", "{53C4888E-44B9-465C-9DA0-E4673FA214E3}"
EndProject
Project("{9A19103F-16F7-4668-BE54-9A1E7A4F7556}") = "Jimlicat.Extensions.HostBuilder", "src\HostBuilder\src\Jimlicat.Extensions.HostBuilder\Jimlicat.Extensions.HostBuilder.csproj", "{00FF23CD-1C92-4C4D-9131-192032ECF1B6}"
EndProject
Project("{9A19103F-16F7-4668-BE54-9A1E7A4F7556}") = "EFCoreDbContext", "src\EFCore\samples\EFCoreDbContext\EFCoreDbContext.csproj", "{BACC4E19-2711-4C79-970C-222C4F4C017B}"
EndProject
Project("{2150E333-8FDC-42A3-9474-1A3956D46DE8}") = "src", "src", "{9B273DFA-0729-4177-BEA4-421FA096AC90}"
EndProject
Project("{2150E333-8FDC-42A3-9474-1A3956D46DE8}") = "src", "src", "{97F8F6B1-4CCE-47A3-BF62-8C2C2B4DDAC3}"
EndProject
Project("{2150E333-8FDC-42A3-9474-1A3956D46DE8}") = "src", "src", "{9EDB51CC-32B3-4A02-A2E7-2961B02584B0}"
EndProject
Project("{9A19103F-16F7-4668-BE54-9A1E7A4F7556}") = "Jimlicat.Extensions.BCL", "src\BCL\src\Jimlicat.Extensions.BCL\Jimlicat.Extensions.BCL.csproj", "{B0AD8CE4-9CA1-447A-99DC-B42E26710AF8}"
EndProject
Project("{9A19103F-16F7-4668-BE54-9A1E7A4F7556}") = "Id32Tools", "src\BCL\samples\Id32Tools\Id32Tools.csproj", "{C94A589F-B555-40A4-A35C-4CF5A14A4A6C}"
EndProject
Project("{2150E333-8FDC-42A3-9474-1A3956D46DE8}") = "Functions", "Functions", "{6C8DDF4B-F5F6-43C1-AF25-96E64B65C98C}"
EndProject
Project("{2150E333-8FDC-42A3-9474-1A3956D46DE8}") = "src", "src", "{CC29A652-0C29-41FA-8D7E-733895E540DE}"
EndProject
Project("{2150E333-8FDC-42A3-9474-1A3956D46DE8}") = "samples", "samples", "{C81A0C3E-A896-44AE-BCD5-83E4D91202D6}"
EndProject
Project("{9A19103F-16F7-4668-BE54-9A1E7A4F7556}") = "Jimlicat.Functions.Abstrations", "src\Functions\src\Jimlicat.Functions.Abstrations\Jimlicat.Functions.Abstrations.csproj", "{7864CFB3-0E44-4241-B4F3-A742C1A67448}"
EndProject
Project("{9A19103F-16F7-4668-BE54-9A1E7A4F7556}") = "Jimlicat.Functions", "src\Functions\src\Jimlicat.Functions\Jimlicat.Functions.csproj", "{39910817-999E-4E9D-848C-C8D6DAFFF4C8}"
EndProject
Project("{9A19103F-16F7-4668-BE54-9A1E7A4F7556}") = "Jimlicat.Functions.Interceptors", "src\Functions\src\Jimlicat.Functions.Interceptors\Jimlicat.Functions.Interceptors.csproj", "{0459EF27-D731-4DB0-8E1C-BED5341DE5A6}"
EndProject
Project("{9A19103F-16F7-4668-BE54-9A1E7A4F7556}") = "Jimlicat.Services.Abstraction", "src\Functions\samples\Jimlicat.Services.Abstraction\Jimlicat.Services.Abstraction.csproj", "{11502D90-53B2-4627-93E7-C16925009142}"
EndProject
Project("{9A19103F-16F7-4668-BE54-9A1E7A4F7556}") = "Jimlicat.Services.Core", "src\Functions\samples\Jimlicat.Services.Core\Jimlicat.Services.Core.csproj", "{A50D4AAD-23D7-4924-8481-7F26E8F92219}"
EndProject
Project("{9A19103F-16F7-4668-BE54-9A1E7A4F7556}") = "WebApp2", "src\Functions\samples\WebApp2\WebApp2.csproj", "{6FC6BC1E-8CA4-47A1-BB9C-92E0FC95E812}"
EndProject
Project("{2150E333-8FDC-42A3-9474-1A3956D46DE8}") = "src", "src", "{DEDA2228-A7E2-4316-997C-307215691FC4}"
EndProject
Project("{9A19103F-16F7-4668-BE54-9A1E7A4F7556}") = "Jimlicat.Extensions.OpenXml", "src\OpenXml\src\Jimlicat.Extensions.OpenXml\Jimlicat.Extensions.OpenXml.csproj", "{C5C323AF-6747-4AC4-87D8-8CD9864345DC}"
EndProject
Project("{9A19103F-16F7-4668-BE54-9A1E7A4F7556}") = "Jimlicat.OpenXml", "src\OpenXml\src\Jimlicat.OpenXml\Jimlicat.OpenXml.csproj", "{95350749-F101-4FD6-96A2-8742D26D30BF}"
EndProject
Project("{2150E333-8FDC-42A3-9474-1A3956D46DE8}") = "samples", "samples", "{77A365CB-9CF9-4A41-BEDC-42A492A3BAE2}"
EndProject
Project("{9A19103F-16F7-4668-BE54-9A1E7A4F7556}") = "OpenXmlConsoleApp", "src\OpenXml\samples\OpenXmlConsoleApp\OpenXmlConsoleApp.csproj", "{89D7A7B7-DE46-4330-89B3-0A3C6DF42A97}"
EndProject
Project("{9A19103F-16F7-4668-BE54-9A1E7A4F7556}") = "Jimlicat.Extensions.AspNet", "src\HostBuilder\src\Jimlicat.Extensions.AspNet\Jimlicat.Extensions.AspNet.csproj", "{BB8DF64B-CEB9-4424-B9D3-2B783C731566}"
EndProject
Project("{9A19103F-16F7-4668-BE54-9A1E7A4F7556}") = "EFCoreApp.DbMigration", "src\EFCore\samples\EFCoreApp.DbMigration\EFCoreApp.DbMigration.csproj", "{0C62C055-E883-498E-BDB9-7786A805ECD6}"
EndProject
Project("{9A19103F-16F7-4668-BE54-9A1E7A4F7556}") = "EFCoreApp", "src\EFCore\samples\EFCoreApp\EFCoreApp.csproj", "{7D0D8CC0-B344-43B1-B3B9-22E53B8165A4}"
EndProject
Project("{9A19103F-16F7-4668-BE54-9A1E7A4F7556}") = "WebDemo", "src\HostBuilder\samples\WebDemo\WebDemo.csproj", "{6F32DD56-7E1F-4A80-AA1C-E83C7666B1F5}"
EndProject
Project("{9A19103F-16F7-4668-BE54-9A1E7A4F7556}") = "WebApp", "src\HostBuilder\samples\WebApp\WebApp.csproj", "{6D0F20EC-E751-43B5-88BB-958153B499E0}"
EndProject
Project("{2150E333-8FDC-42A3-9474-1A3956D46DE8}") = "Aliyun", "Aliyun", "{03544BC7-B284-4B61-B5D8-9210B05E6CF0}"
EndProject
Project("{2150E333-8FDC-42A3-9474-1A3956D46DE8}") = "src", "src", "{8A656622-532E-4BC2-9D1D-687BF50B7309}"
EndProject
Project("{9A19103F-16F7-4668-BE54-9A1E7A4F7556}") = "Jimlicat.Extensions.AliyunOSS", "src\Aliyun\src\Jimlicat.Extensions.AliyunOSS\Jimlicat.Extensions.AliyunOSS.csproj", "{86ABE07F-DD15-4002-AE2C-8DD627EE2C79}"
EndProject
Global
	GlobalSection(SolutionConfigurationPlatforms) = preSolution
		Debug|Any CPU = Debug|Any CPU
		Release|Any CPU = Release|Any CPU
	EndGlobalSection
	GlobalSection(ProjectConfigurationPlatforms) = postSolution
		{91020C31-837C-4B09-BD28-4B6804B03647}.Debug|Any CPU.ActiveCfg = Debug|Any CPU
		{91020C31-837C-4B09-BD28-4B6804B03647}.Debug|Any CPU.Build.0 = Debug|Any CPU
		{91020C31-837C-4B09-BD28-4B6804B03647}.Release|Any CPU.ActiveCfg = Release|Any CPU
		{91020C31-837C-4B09-BD28-4B6804B03647}.Release|Any CPU.Build.0 = Release|Any CPU
		{14351A0B-24C4-4B2C-8241-1B5F86253125}.Debug|Any CPU.ActiveCfg = Debug|Any CPU
		{14351A0B-24C4-4B2C-8241-1B5F86253125}.Debug|Any CPU.Build.0 = Debug|Any CPU
		{14351A0B-24C4-4B2C-8241-1B5F86253125}.Release|Any CPU.ActiveCfg = Release|Any CPU
		{14351A0B-24C4-4B2C-8241-1B5F86253125}.Release|Any CPU.Build.0 = Release|Any CPU
		{EA43D968-553D-4105-BB19-74CB94679488}.Debug|Any CPU.ActiveCfg = Debug|Any CPU
		{EA43D968-553D-4105-BB19-74CB94679488}.Debug|Any CPU.Build.0 = Debug|Any CPU
		{EA43D968-553D-4105-BB19-74CB94679488}.Release|Any CPU.ActiveCfg = Release|Any CPU
		{EA43D968-553D-4105-BB19-74CB94679488}.Release|Any CPU.Build.0 = Release|Any CPU
		{624A12EE-D24E-4592-A3B9-5CA7D843DA1D}.Debug|Any CPU.ActiveCfg = Debug|Any CPU
		{624A12EE-D24E-4592-A3B9-5CA7D843DA1D}.Debug|Any CPU.Build.0 = Debug|Any CPU
		{624A12EE-D24E-4592-A3B9-5CA7D843DA1D}.Release|Any CPU.ActiveCfg = Release|Any CPU
		{624A12EE-D24E-4592-A3B9-5CA7D843DA1D}.Release|Any CPU.Build.0 = Release|Any CPU
		{A14D3486-20CC-4E6D-8191-B79025813FF3}.Debug|Any CPU.ActiveCfg = Debug|Any CPU
		{A14D3486-20CC-4E6D-8191-B79025813FF3}.Debug|Any CPU.Build.0 = Debug|Any CPU
		{A14D3486-20CC-4E6D-8191-B79025813FF3}.Release|Any CPU.ActiveCfg = Release|Any CPU
		{A14D3486-20CC-4E6D-8191-B79025813FF3}.Release|Any CPU.Build.0 = Release|Any CPU
		{DE78B1DD-E2BE-471D-B030-0262FBC78617}.Debug|Any CPU.ActiveCfg = Debug|Any CPU
		{DE78B1DD-E2BE-471D-B030-0262FBC78617}.Debug|Any CPU.Build.0 = Debug|Any CPU
		{DE78B1DD-E2BE-471D-B030-0262FBC78617}.Release|Any CPU.ActiveCfg = Release|Any CPU
		{DE78B1DD-E2BE-471D-B030-0262FBC78617}.Release|Any CPU.Build.0 = Release|Any CPU
		{6C673868-AFCE-44C8-8A8F-87EE29A6713D}.Debug|Any CPU.ActiveCfg = Debug|Any CPU
		{6C673868-AFCE-44C8-8A8F-87EE29A6713D}.Debug|Any CPU.Build.0 = Debug|Any CPU
		{6C673868-AFCE-44C8-8A8F-87EE29A6713D}.Release|Any CPU.ActiveCfg = Release|Any CPU
		{6C673868-AFCE-44C8-8A8F-87EE29A6713D}.Release|Any CPU.Build.0 = Release|Any CPU
		{0AF02120-F004-4BF3-9BBB-3FBAE62978EA}.Debug|Any CPU.ActiveCfg = Debug|Any CPU
		{0AF02120-F004-4BF3-9BBB-3FBAE62978EA}.Debug|Any CPU.Build.0 = Debug|Any CPU
		{0AF02120-F004-4BF3-9BBB-3FBAE62978EA}.Release|Any CPU.ActiveCfg = Release|Any CPU
		{0AF02120-F004-4BF3-9BBB-3FBAE62978EA}.Release|Any CPU.Build.0 = Release|Any CPU
		{00FF23CD-1C92-4C4D-9131-192032ECF1B6}.Debug|Any CPU.ActiveCfg = Debug|Any CPU
		{00FF23CD-1C92-4C4D-9131-192032ECF1B6}.Debug|Any CPU.Build.0 = Debug|Any CPU
		{00FF23CD-1C92-4C4D-9131-192032ECF1B6}.Release|Any CPU.ActiveCfg = Release|Any CPU
		{00FF23CD-1C92-4C4D-9131-192032ECF1B6}.Release|Any CPU.Build.0 = Release|Any CPU
		{BACC4E19-2711-4C79-970C-222C4F4C017B}.Debug|Any CPU.ActiveCfg = Debug|Any CPU
		{BACC4E19-2711-4C79-970C-222C4F4C017B}.Debug|Any CPU.Build.0 = Debug|Any CPU
		{BACC4E19-2711-4C79-970C-222C4F4C017B}.Release|Any CPU.ActiveCfg = Release|Any CPU
		{BACC4E19-2711-4C79-970C-222C4F4C017B}.Release|Any CPU.Build.0 = Release|Any CPU
		{B0AD8CE4-9CA1-447A-99DC-B42E26710AF8}.Debug|Any CPU.ActiveCfg = Debug|Any CPU
		{B0AD8CE4-9CA1-447A-99DC-B42E26710AF8}.Debug|Any CPU.Build.0 = Debug|Any CPU
		{B0AD8CE4-9CA1-447A-99DC-B42E26710AF8}.Release|Any CPU.ActiveCfg = Release|Any CPU
		{B0AD8CE4-9CA1-447A-99DC-B42E26710AF8}.Release|Any CPU.Build.0 = Release|Any CPU
		{C94A589F-B555-40A4-A35C-4CF5A14A4A6C}.Debug|Any CPU.ActiveCfg = Debug|Any CPU
		{C94A589F-B555-40A4-A35C-4CF5A14A4A6C}.Debug|Any CPU.Build.0 = Debug|Any CPU
		{C94A589F-B555-40A4-A35C-4CF5A14A4A6C}.Release|Any CPU.ActiveCfg = Release|Any CPU
		{C94A589F-B555-40A4-A35C-4CF5A14A4A6C}.Release|Any CPU.Build.0 = Release|Any CPU
		{7864CFB3-0E44-4241-B4F3-A742C1A67448}.Debug|Any CPU.ActiveCfg = Debug|Any CPU
		{7864CFB3-0E44-4241-B4F3-A742C1A67448}.Debug|Any CPU.Build.0 = Debug|Any CPU
		{7864CFB3-0E44-4241-B4F3-A742C1A67448}.Release|Any CPU.ActiveCfg = Release|Any CPU
		{7864CFB3-0E44-4241-B4F3-A742C1A67448}.Release|Any CPU.Build.0 = Release|Any CPU
		{39910817-999E-4E9D-848C-C8D6DAFFF4C8}.Debug|Any CPU.ActiveCfg = Debug|Any CPU
		{39910817-999E-4E9D-848C-C8D6DAFFF4C8}.Debug|Any CPU.Build.0 = Debug|Any CPU
		{39910817-999E-4E9D-848C-C8D6DAFFF4C8}.Release|Any CPU.ActiveCfg = Release|Any CPU
		{39910817-999E-4E9D-848C-C8D6DAFFF4C8}.Release|Any CPU.Build.0 = Release|Any CPU
		{0459EF27-D731-4DB0-8E1C-BED5341DE5A6}.Debug|Any CPU.ActiveCfg = Debug|Any CPU
		{0459EF27-D731-4DB0-8E1C-BED5341DE5A6}.Debug|Any CPU.Build.0 = Debug|Any CPU
		{0459EF27-D731-4DB0-8E1C-BED5341DE5A6}.Release|Any CPU.ActiveCfg = Release|Any CPU
		{0459EF27-D731-4DB0-8E1C-BED5341DE5A6}.Release|Any CPU.Build.0 = Release|Any CPU
		{11502D90-53B2-4627-93E7-C16925009142}.Debug|Any CPU.ActiveCfg = Debug|Any CPU
		{11502D90-53B2-4627-93E7-C16925009142}.Debug|Any CPU.Build.0 = Debug|Any CPU
		{11502D90-53B2-4627-93E7-C16925009142}.Release|Any CPU.ActiveCfg = Release|Any CPU
		{11502D90-53B2-4627-93E7-C16925009142}.Release|Any CPU.Build.0 = Release|Any CPU
		{A50D4AAD-23D7-4924-8481-7F26E8F92219}.Debug|Any CPU.ActiveCfg = Debug|Any CPU
		{A50D4AAD-23D7-4924-8481-7F26E8F92219}.Debug|Any CPU.Build.0 = Debug|Any CPU
		{A50D4AAD-23D7-4924-8481-7F26E8F92219}.Release|Any CPU.ActiveCfg = Release|Any CPU
		{A50D4AAD-23D7-4924-8481-7F26E8F92219}.Release|Any CPU.Build.0 = Release|Any CPU
		{6FC6BC1E-8CA4-47A1-BB9C-92E0FC95E812}.Debug|Any CPU.ActiveCfg = Debug|Any CPU
		{6FC6BC1E-8CA4-47A1-BB9C-92E0FC95E812}.Debug|Any CPU.Build.0 = Debug|Any CPU
		{6FC6BC1E-8CA4-47A1-BB9C-92E0FC95E812}.Release|Any CPU.ActiveCfg = Release|Any CPU
		{6FC6BC1E-8CA4-47A1-BB9C-92E0FC95E812}.Release|Any CPU.Build.0 = Release|Any CPU
		{C5C323AF-6747-4AC4-87D8-8CD9864345DC}.Debug|Any CPU.ActiveCfg = Debug|Any CPU
		{C5C323AF-6747-4AC4-87D8-8CD9864345DC}.Debug|Any CPU.Build.0 = Debug|Any CPU
		{C5C323AF-6747-4AC4-87D8-8CD9864345DC}.Release|Any CPU.ActiveCfg = Release|Any CPU
		{C5C323AF-6747-4AC4-87D8-8CD9864345DC}.Release|Any CPU.Build.0 = Release|Any CPU
		{95350749-F101-4FD6-96A2-8742D26D30BF}.Debug|Any CPU.ActiveCfg = Debug|Any CPU
		{95350749-F101-4FD6-96A2-8742D26D30BF}.Debug|Any CPU.Build.0 = Debug|Any CPU
		{95350749-F101-4FD6-96A2-8742D26D30BF}.Release|Any CPU.ActiveCfg = Release|Any CPU
		{95350749-F101-4FD6-96A2-8742D26D30BF}.Release|Any CPU.Build.0 = Release|Any CPU
		{89D7A7B7-DE46-4330-89B3-0A3C6DF42A97}.Debug|Any CPU.ActiveCfg = Debug|Any CPU
		{89D7A7B7-DE46-4330-89B3-0A3C6DF42A97}.Debug|Any CPU.Build.0 = Debug|Any CPU
		{89D7A7B7-DE46-4330-89B3-0A3C6DF42A97}.Release|Any CPU.ActiveCfg = Release|Any CPU
		{89D7A7B7-DE46-4330-89B3-0A3C6DF42A97}.Release|Any CPU.Build.0 = Release|Any CPU
		{BB8DF64B-CEB9-4424-B9D3-2B783C731566}.Debug|Any CPU.ActiveCfg = Debug|Any CPU
		{BB8DF64B-CEB9-4424-B9D3-2B783C731566}.Debug|Any CPU.Build.0 = Debug|Any CPU
		{BB8DF64B-CEB9-4424-B9D3-2B783C731566}.Release|Any CPU.ActiveCfg = Release|Any CPU
		{BB8DF64B-CEB9-4424-B9D3-2B783C731566}.Release|Any CPU.Build.0 = Release|Any CPU
		{0C62C055-E883-498E-BDB9-7786A805ECD6}.Debug|Any CPU.ActiveCfg = Debug|Any CPU
		{0C62C055-E883-498E-BDB9-7786A805ECD6}.Debug|Any CPU.Build.0 = Debug|Any CPU
		{0C62C055-E883-498E-BDB9-7786A805ECD6}.Release|Any CPU.ActiveCfg = Release|Any CPU
		{0C62C055-E883-498E-BDB9-7786A805ECD6}.Release|Any CPU.Build.0 = Release|Any CPU
		{7D0D8CC0-B344-43B1-B3B9-22E53B8165A4}.Debug|Any CPU.ActiveCfg = Debug|Any CPU
		{7D0D8CC0-B344-43B1-B3B9-22E53B8165A4}.Debug|Any CPU.Build.0 = Debug|Any CPU
		{7D0D8CC0-B344-43B1-B3B9-22E53B8165A4}.Release|Any CPU.ActiveCfg = Release|Any CPU
		{7D0D8CC0-B344-43B1-B3B9-22E53B8165A4}.Release|Any CPU.Build.0 = Release|Any CPU
		{6F32DD56-7E1F-4A80-AA1C-E83C7666B1F5}.Debug|Any CPU.ActiveCfg = Debug|Any CPU
		{6F32DD56-7E1F-4A80-AA1C-E83C7666B1F5}.Debug|Any CPU.Build.0 = Debug|Any CPU
		{6F32DD56-7E1F-4A80-AA1C-E83C7666B1F5}.Release|Any CPU.ActiveCfg = Release|Any CPU
		{6F32DD56-7E1F-4A80-AA1C-E83C7666B1F5}.Release|Any CPU.Build.0 = Release|Any CPU
		{6D0F20EC-E751-43B5-88BB-958153B499E0}.Debug|Any CPU.ActiveCfg = Debug|Any CPU
		{6D0F20EC-E751-43B5-88BB-958153B499E0}.Debug|Any CPU.Build.0 = Debug|Any CPU
		{6D0F20EC-E751-43B5-88BB-958153B499E0}.Release|Any CPU.ActiveCfg = Release|Any CPU
		{6D0F20EC-E751-43B5-88BB-958153B499E0}.Release|Any CPU.Build.0 = Release|Any CPU
		{86ABE07F-DD15-4002-AE2C-8DD627EE2C79}.Debug|Any CPU.ActiveCfg = Debug|Any CPU
		{86ABE07F-DD15-4002-AE2C-8DD627EE2C79}.Debug|Any CPU.Build.0 = Debug|Any CPU
		{86ABE07F-DD15-4002-AE2C-8DD627EE2C79}.Release|Any CPU.ActiveCfg = Release|Any CPU
		{86ABE07F-DD15-4002-AE2C-8DD627EE2C79}.Release|Any CPU.Build.0 = Release|Any CPU
	EndGlobalSection
	GlobalSection(SolutionProperties) = preSolution
		HideSolutionNode = FALSE
	EndGlobalSection
	GlobalSection(NestedProjects) = preSolution
		{91020C31-837C-4B09-BD28-4B6804B03647} = {9EDB51CC-32B3-4A02-A2E7-2961B02584B0}
		{14351A0B-24C4-4B2C-8241-1B5F86253125} = {3D8597C5-DCE7-4CA5-84A9-714A70823C37}
		{3D8597C5-DCE7-4CA5-84A9-714A70823C37} = {80421F8C-5FD6-4C6F-8B0D-686738560FC4}
		{EA43D968-553D-4105-BB19-74CB94679488} = {97F8F6B1-4CCE-47A3-BF62-8C2C2B4DDAC3}
		{624A12EE-D24E-4592-A3B9-5CA7D843DA1D} = {2550926B-ED2D-44C0-927F-59FDFD385CFD}
		{B85BB470-5170-4085-899C-F1B2314EC904} = {2550926B-ED2D-44C0-927F-59FDFD385CFD}
		{A14D3486-20CC-4E6D-8191-B79025813FF3} = {B85BB470-5170-4085-899C-F1B2314EC904}
		{F5501B15-A14F-4A01-93ED-3ECE848BB481} = {D7F2A794-8D89-4A32-AD50-89DE7BC30CA9}
		{DE78B1DD-E2BE-471D-B030-0262FBC78617} = {97F8F6B1-4CCE-47A3-BF62-8C2C2B4DDAC3}
		{6C673868-AFCE-44C8-8A8F-87EE29A6713D} = {F5501B15-A14F-4A01-93ED-3ECE848BB481}
		{0AF02120-F004-4BF3-9BBB-3FBAE62978EA} = {F5501B15-A14F-4A01-93ED-3ECE848BB481}
		{5D645E8E-5FD5-4120-AE75-0A0D16971D3F} = {608F87D9-C91B-4BF7-967E-A8A73D690D52}
		{53C4888E-44B9-465C-9DA0-E4673FA214E3} = {608F87D9-C91B-4BF7-967E-A8A73D690D52}
		{00FF23CD-1C92-4C4D-9131-192032ECF1B6} = {5D645E8E-5FD5-4120-AE75-0A0D16971D3F}
		{BACC4E19-2711-4C79-970C-222C4F4C017B} = {F5501B15-A14F-4A01-93ED-3ECE848BB481}
		{9B273DFA-0729-4177-BEA4-421FA096AC90} = {2550926B-ED2D-44C0-927F-59FDFD385CFD}
		{97F8F6B1-4CCE-47A3-BF62-8C2C2B4DDAC3} = {D7F2A794-8D89-4A32-AD50-89DE7BC30CA9}
		{9EDB51CC-32B3-4A02-A2E7-2961B02584B0} = {80421F8C-5FD6-4C6F-8B0D-686738560FC4}
		{B0AD8CE4-9CA1-447A-99DC-B42E26710AF8} = {9B273DFA-0729-4177-BEA4-421FA096AC90}
		{C94A589F-B555-40A4-A35C-4CF5A14A4A6C} = {B85BB470-5170-4085-899C-F1B2314EC904}
		{CC29A652-0C29-41FA-8D7E-733895E540DE} = {6C8DDF4B-F5F6-43C1-AF25-96E64B65C98C}
		{C81A0C3E-A896-44AE-BCD5-83E4D91202D6} = {6C8DDF4B-F5F6-43C1-AF25-96E64B65C98C}
		{7864CFB3-0E44-4241-B4F3-A742C1A67448} = {CC29A652-0C29-41FA-8D7E-733895E540DE}
		{39910817-999E-4E9D-848C-C8D6DAFFF4C8} = {CC29A652-0C29-41FA-8D7E-733895E540DE}
		{0459EF27-D731-4DB0-8E1C-BED5341DE5A6} = {CC29A652-0C29-41FA-8D7E-733895E540DE}
		{11502D90-53B2-4627-93E7-C16925009142} = {C81A0C3E-A896-44AE-BCD5-83E4D91202D6}
		{A50D4AAD-23D7-4924-8481-7F26E8F92219} = {C81A0C3E-A896-44AE-BCD5-83E4D91202D6}
		{6FC6BC1E-8CA4-47A1-BB9C-92E0FC95E812} = {C81A0C3E-A896-44AE-BCD5-83E4D91202D6}
		{DEDA2228-A7E2-4316-997C-307215691FC4} = {649BF7E9-4638-412C-8B8C-ECEE48C91A42}
		{C5C323AF-6747-4AC4-87D8-8CD9864345DC} = {DEDA2228-A7E2-4316-997C-307215691FC4}
		{95350749-F101-4FD6-96A2-8742D26D30BF} = {DEDA2228-A7E2-4316-997C-307215691FC4}
		{77A365CB-9CF9-4A41-BEDC-42A492A3BAE2} = {649BF7E9-4638-412C-8B8C-ECEE48C91A42}
		{89D7A7B7-DE46-4330-89B3-0A3C6DF42A97} = {77A365CB-9CF9-4A41-BEDC-42A492A3BAE2}
		{BB8DF64B-CEB9-4424-B9D3-2B783C731566} = {5D645E8E-5FD5-4120-AE75-0A0D16971D3F}
		{0C62C055-E883-498E-BDB9-7786A805ECD6} = {F5501B15-A14F-4A01-93ED-3ECE848BB481}
		{7D0D8CC0-B344-43B1-B3B9-22E53B8165A4} = {F5501B15-A14F-4A01-93ED-3ECE848BB481}
		{6F32DD56-7E1F-4A80-AA1C-E83C7666B1F5} = {53C4888E-44B9-465C-9DA0-E4673FA214E3}
		{6D0F20EC-E751-43B5-88BB-958153B499E0} = {53C4888E-44B9-465C-9DA0-E4673FA214E3}
		{8A656622-532E-4BC2-9D1D-687BF50B7309} = {03544BC7-B284-4B61-B5D8-9210B05E6CF0}
		{86ABE07F-DD15-4002-AE2C-8DD627EE2C79} = {8A656622-532E-4BC2-9D1D-687BF50B7309}
	EndGlobalSection
	GlobalSection(ExtensibilityGlobals) = postSolution
		SolutionGuid = {B5CA4204-8E60-43E2-A55C-A02655B2B6EA}
	EndGlobalSection
EndGlobal
