
Microsoft Visual Studio Solution File, Format Version 12.00
# Visual Studio Version 17
VisualStudioVersion = 17.0.31912.275
MinimumVisualStudioVersion = 10.0.40219.1
Project("{2150E333-8FDC-42A3-9474-1A3956D46DE8}") = "src", "src", "{CA8DADC9-4088-42C4-8C71-E7B30963B115}"
EndProject
Project("{9A19103F-16F7-4668-BE54-9A1E7A4F7556}") = "Jimlicat.Extensions.HostBuilder", "src\Jimlicat.Extensions.HostBuilder\Jimlicat.Extensions.HostBuilder.csproj", "{2F0E1E15-0122-4CCB-95F5-8647DF3B5C41}"
EndProject
Project("{2150E333-8FDC-42A3-9474-1A3956D46DE8}") = "samples", "samples", "{90854655-3284-485A-AAA4-11955B491167}"
	ProjectSection(SolutionItems) = preProject
		samples\default.json = samples\default.json
	EndProjectSection
EndProject
Project("{9A19103F-16F7-4668-BE54-9A1E7A4F7556}") = "Jimlicat.Extensions.AspNet", "src\Jimlicat.Extensions.AspNet\Jimlicat.Extensions.AspNet.csproj", "{5DCC59AC-8A25-431B-BAD5-79C53F6EEECA}"
EndProject
Project("{9A19103F-16F7-4668-BE54-9A1E7A4F7556}") = "WebDemo", "samples\WebDemo\WebDemo.csproj", "{7E59D6D2-0565-4937-91BB-FC000798F118}"
EndProject
Project("{FAE04EC0-301F-11D3-BF4B-00C04F79EFBC}") = "WebApp", "samples\WebApp\WebApp.csproj", "{52FF8A4C-3189-446C-BBE0-7AEE772C1FB8}"
EndProject
Global
	GlobalSection(SolutionConfigurationPlatforms) = preSolution
		Debug|Any CPU = Debug|Any CPU
		Debug|x64 = Debug|x64
		Debug|x86 = Debug|x86
		Release|Any CPU = Release|Any CPU
		Release|x64 = Release|x64
		Release|x86 = Release|x86
	EndGlobalSection
	GlobalSection(ProjectConfigurationPlatforms) = postSolution
		{2F0E1E15-0122-4CCB-95F5-8647DF3B5C41}.Debug|Any CPU.ActiveCfg = Debug|Any CPU
		{2F0E1E15-0122-4CCB-95F5-8647DF3B5C41}.Debug|Any CPU.Build.0 = Debug|Any CPU
		{2F0E1E15-0122-4CCB-95F5-8647DF3B5C41}.Debug|x64.ActiveCfg = Debug|Any CPU
		{2F0E1E15-0122-4CCB-95F5-8647DF3B5C41}.Debug|x64.Build.0 = Debug|Any CPU
		{2F0E1E15-0122-4CCB-95F5-8647DF3B5C41}.Debug|x86.ActiveCfg = Debug|Any CPU
		{2F0E1E15-0122-4CCB-95F5-8647DF3B5C41}.Debug|x86.Build.0 = Debug|Any CPU
		{2F0E1E15-0122-4CCB-95F5-8647DF3B5C41}.Release|Any CPU.ActiveCfg = Release|Any CPU
		{2F0E1E15-0122-4CCB-95F5-8647DF3B5C41}.Release|Any CPU.Build.0 = Release|Any CPU
		{2F0E1E15-0122-4CCB-95F5-8647DF3B5C41}.Release|x64.ActiveCfg = Release|Any CPU
		{2F0E1E15-0122-4CCB-95F5-8647DF3B5C41}.Release|x64.Build.0 = Release|Any CPU
		{2F0E1E15-0122-4CCB-95F5-8647DF3B5C41}.Release|x86.ActiveCfg = Release|Any CPU
		{2F0E1E15-0122-4CCB-95F5-8647DF3B5C41}.Release|x86.Build.0 = Release|Any CPU
		{5DCC59AC-8A25-431B-BAD5-79C53F6EEECA}.Debug|Any CPU.ActiveCfg = Debug|Any CPU
		{5DCC59AC-8A25-431B-BAD5-79C53F6EEECA}.Debug|Any CPU.Build.0 = Debug|Any CPU
		{5DCC59AC-8A25-431B-BAD5-79C53F6EEECA}.Debug|x64.ActiveCfg = Debug|Any CPU
		{5DCC59AC-8A25-431B-BAD5-79C53F6EEECA}.Debug|x64.Build.0 = Debug|Any CPU
		{5DCC59AC-8A25-431B-BAD5-79C53F6EEECA}.Debug|x86.ActiveCfg = Debug|Any CPU
		{5DCC59AC-8A25-431B-BAD5-79C53F6EEECA}.Debug|x86.Build.0 = Debug|Any CPU
		{5DCC59AC-8A25-431B-BAD5-79C53F6EEECA}.Release|Any CPU.ActiveCfg = Release|Any CPU
		{5DCC59AC-8A25-431B-BAD5-79C53F6EEECA}.Release|Any CPU.Build.0 = Release|Any CPU
		{5DCC59AC-8A25-431B-BAD5-79C53F6EEECA}.Release|x64.ActiveCfg = Release|Any CPU
		{5DCC59AC-8A25-431B-BAD5-79C53F6EEECA}.Release|x64.Build.0 = Release|Any CPU
		{5DCC59AC-8A25-431B-BAD5-79C53F6EEECA}.Release|x86.ActiveCfg = Release|Any CPU
		{5DCC59AC-8A25-431B-BAD5-79C53F6EEECA}.Release|x86.Build.0 = Release|Any CPU
		{7E59D6D2-0565-4937-91BB-FC000798F118}.Debug|Any CPU.ActiveCfg = Debug|Any CPU
		{7E59D6D2-0565-4937-91BB-FC000798F118}.Debug|Any CPU.Build.0 = Debug|Any CPU
		{7E59D6D2-0565-4937-91BB-FC000798F118}.Debug|x64.ActiveCfg = Debug|Any CPU
		{7E59D6D2-0565-4937-91BB-FC000798F118}.Debug|x64.Build.0 = Debug|Any CPU
		{7E59D6D2-0565-4937-91BB-FC000798F118}.Debug|x86.ActiveCfg = Debug|Any CPU
		{7E59D6D2-0565-4937-91BB-FC000798F118}.Debug|x86.Build.0 = Debug|Any CPU
		{7E59D6D2-0565-4937-91BB-FC000798F118}.Release|Any CPU.ActiveCfg = Release|Any CPU
		{7E59D6D2-0565-4937-91BB-FC000798F118}.Release|Any CPU.Build.0 = Release|Any CPU
		{7E59D6D2-0565-4937-91BB-FC000798F118}.Release|x64.ActiveCfg = Release|Any CPU
		{7E59D6D2-0565-4937-91BB-FC000798F118}.Release|x64.Build.0 = Release|Any CPU
		{7E59D6D2-0565-4937-91BB-FC000798F118}.Release|x86.ActiveCfg = Release|Any CPU
		{7E59D6D2-0565-4937-91BB-FC000798F118}.Release|x86.Build.0 = Release|Any CPU
		{52FF8A4C-3189-446C-BBE0-7AEE772C1FB8}.Debug|Any CPU.ActiveCfg = Debug|Any CPU
		{52FF8A4C-3189-446C-BBE0-7AEE772C1FB8}.Debug|Any CPU.Build.0 = Debug|Any CPU
		{52FF8A4C-3189-446C-BBE0-7AEE772C1FB8}.Debug|x64.ActiveCfg = Debug|Any CPU
		{52FF8A4C-3189-446C-BBE0-7AEE772C1FB8}.Debug|x64.Build.0 = Debug|Any CPU
		{52FF8A4C-3189-446C-BBE0-7AEE772C1FB8}.Debug|x86.ActiveCfg = Debug|Any CPU
		{52FF8A4C-3189-446C-BBE0-7AEE772C1FB8}.Debug|x86.Build.0 = Debug|Any CPU
		{52FF8A4C-3189-446C-BBE0-7AEE772C1FB8}.Release|Any CPU.ActiveCfg = Release|Any CPU
		{52FF8A4C-3189-446C-BBE0-7AEE772C1FB8}.Release|Any CPU.Build.0 = Release|Any CPU
		{52FF8A4C-3189-446C-BBE0-7AEE772C1FB8}.Release|x64.ActiveCfg = Release|Any CPU
		{52FF8A4C-3189-446C-BBE0-7AEE772C1FB8}.Release|x64.Build.0 = Release|Any CPU
		{52FF8A4C-3189-446C-BBE0-7AEE772C1FB8}.Release|x86.ActiveCfg = Release|Any CPU
		{52FF8A4C-3189-446C-BBE0-7AEE772C1FB8}.Release|x86.Build.0 = Release|Any CPU
	EndGlobalSection
	GlobalSection(SolutionProperties) = preSolution
		HideSolutionNode = FALSE
	EndGlobalSection
	GlobalSection(NestedProjects) = preSolution
		{2F0E1E15-0122-4CCB-95F5-8647DF3B5C41} = {CA8DADC9-4088-42C4-8C71-E7B30963B115}
		{5DCC59AC-8A25-431B-BAD5-79C53F6EEECA} = {CA8DADC9-4088-42C4-8C71-E7B30963B115}
		{7E59D6D2-0565-4937-91BB-FC000798F118} = {90854655-3284-485A-AAA4-11955B491167}
		{52FF8A4C-3189-446C-BBE0-7AEE772C1FB8} = {90854655-3284-485A-AAA4-11955B491167}
	EndGlobalSection
	GlobalSection(ExtensibilityGlobals) = postSolution
		SolutionGuid = {41E439D6-7CAA-41E5-A3C4-B55234CEC351}
	EndGlobalSection
EndGlobal
